# Generated by transformgen. Keep in sync with protocol messages.
# Existing entries are preserved across regenerations; removed messages free their ids.
messages:
  BattleFinishedNotify: 143096507
  BattleStateNotify: 114012388
  ChatMessageNotify: 170889542
  HeartbeatRequest: 259926425
  HeartbeatResponse: 168595187
  SendChatRequest: 235223567
  SendChatResponse: 124399461
  StartBattleRequest: 234959079
  StartBattleResponse: 171396577
